// !$*UTF8*$!
{
	archiveVersion = 1;
	classes = {
	};
	objectVersion = 52;
	objects = {

/* Begin PBXBuildFile section */
		371C23CD254151B100E7FA9E /* AppDelegate.swift in Sources */ = {isa = PBXBuildFile; fileRef = 371C23CC254151B100E7FA9E /* AppDelegate.swift */; };
		371C23CF254151B100E7FA9E /* SceneDelegate.swift in Sources */ = {isa = PBXBuildFile; fileRef = 371C23CE254151B100E7FA9E /* SceneDelegate.swift */; };
		371C23D1254151B100E7FA9E /* ViewController.swift in Sources */ = {isa = PBXBuildFile; fileRef = 371C23D0254151B100E7FA9E /* ViewController.swift */; };
		371C23D4254151B100E7FA9E /* Main.storyboard in Resources */ = {isa = PBXBuildFile; fileRef = 371C23D2254151B100E7FA9E /* Main.storyboard */; };
		371C23D6254151B200E7FA9E /* Assets.xcassets in Resources */ = {isa = PBXBuildFile; fileRef = 371C23D5254151B200E7FA9E /* Assets.xcassets */; };
		371C23D9254151B200E7FA9E /* LaunchScreen.storyboard in Resources */ = {isa = PBXBuildFile; fileRef = 371C23D7254151B200E7FA9E /* LaunchScreen.storyboard */; };
		371C23E3254151C500E7FA9E /* FSInteractiveMap in Frameworks */ = {isa = PBXBuildFile; productRef = 371C23E2254151C500E7FA9E /* FSInteractiveMap */; };
		379C4D8B254164CC00BAEEFF /* usa-low.svg in Resources */ = {isa = PBXBuildFile; fileRef = 379C4D8A254164CC00BAEEFF /* usa-low.svg */; };
		379C4D9325416C6C00BAEEFF /* FSInteractiveMapUtil.swift in Sources */ = {isa = PBXBuildFile; fileRef = 379C4D8E25416BDF00BAEEFF /* FSInteractiveMapUtil.swift */; };
		379C4D9425416C6C00BAEEFF /* TranslationDict-USStates.swift in Sources */ = {isa = PBXBuildFile; fileRef = 379C4D8F25416BDF00BAEEFF /* TranslationDict-USStates.swift */; };
		379C4D9525416C6C00BAEEFF /* FSInteractiveMapData.swift in Sources */ = {isa = PBXBuildFile; fileRef = 379C4D9025416BDF00BAEEFF /* FSInteractiveMapData.swift */; };
/* End PBXBuildFile section */

/* Begin PBXFileReference section */
		371C23C9254151B100E7FA9E /* FSInteractiveMapSwift.app */ = {isa = PBXFileReference; explicitFileType = wrapper.application; includeInIndex = 0; path = FSInteractiveMapSwift.app; sourceTree = BUILT_PRODUCTS_DIR; };
		371C23CC254151B100E7FA9E /* AppDelegate.swift */ = {isa = PBXFileReference; lastKnownFileType = sourcecode.swift; path = AppDelegate.swift; sourceTree = "<group>"; };
		371C23CE254151B100E7FA9E /* SceneDelegate.swift */ = {isa = PBXFileReference; lastKnownFileType = sourcecode.swift; path = SceneDelegate.swift; sourceTree = "<group>"; };
		371C23D0254151B100E7FA9E /* ViewController.swift */ = {isa = PBXFileReference; lastKnownFileType = sourcecode.swift; path = ViewController.swift; sourceTree = "<group>"; };
		371C23D3254151B100E7FA9E /* Base */ = {isa = PBXFileReference; lastKnownFileType = file.storyboard; name = Base; path = Base.lproj/Main.storyboard; sourceTree = "<group>"; };
		371C23D5254151B200E7FA9E /* Assets.xcassets */ = {isa = PBXFileReference; lastKnownFileType = folder.assetcatalog; path = Assets.xcassets; sourceTree = "<group>"; };
		371C23D8254151B200E7FA9E /* Base */ = {isa = PBXFileReference; lastKnownFileType = file.storyboard; name = Base; path = Base.lproj/LaunchScreen.storyboard; sourceTree = "<group>"; };
		371C23DA254151B200E7FA9E /* Info.plist */ = {isa = PBXFileReference; lastKnownFileType = text.plist.xml; path = Info.plist; sourceTree = "<group>"; };
		379C4D8A254164CC00BAEEFF /* usa-low.svg */ = {isa = PBXFileReference; fileEncoding = 4; lastKnownFileType = text.xml; name = "usa-low.svg"; path = "Assets.xcassets/usa-low.imageset/usa-low.svg"; sourceTree = "<group>"; };
		379C4D8E25416BDF00BAEEFF /* FSInteractiveMapUtil.swift */ = {isa = PBXFileReference; lastKnownFileType = sourcecode.swift; path = FSInteractiveMapUtil.swift; sourceTree = "<group>"; };
		379C4D8F25416BDF00BAEEFF /* TranslationDict-USStates.swift */ = {isa = PBXFileReference; lastKnownFileType = sourcecode.swift; path = "TranslationDict-USStates.swift"; sourceTree = "<group>"; };
		379C4D9025416BDF00BAEEFF /* FSInteractiveMapData.swift */ = {isa = PBXFileReference; lastKnownFileType = sourcecode.swift; path = FSInteractiveMapData.swift; sourceTree = "<group>"; };
/* End PBXFileReference section */

/* Begin PBXFrameworksBuildPhase section */
		371C23C6254151B100E7FA9E /* Frameworks */ = {
			isa = PBXFrameworksBuildPhase;
			buildActionMask = 2147483647;
			files = (
				371C23E3254151C500E7FA9E /* FSInteractiveMap in Frameworks */,
			);
			runOnlyForDeploymentPostprocessing = 0;
		};
/* End PBXFrameworksBuildPhase section */

/* Begin PBXGroup section */
		371C23C0254151B100E7FA9E = {
			isa = PBXGroup;
			children = (
				371C23CB254151B100E7FA9E /* FSInteractiveMapSwift */,
				371C23CA254151B100E7FA9E /* Products */,
				371C23E1254151C500E7FA9E /* Frameworks */,
			);
			sourceTree = "<group>";
		};
		371C23CA254151B100E7FA9E /* Products */ = {
			isa = PBXGroup;
			children = (
				371C23C9254151B100E7FA9E /* FSInteractiveMapSwift.app */,
			);
			name = Products;
			sourceTree = "<group>";
		};
		371C23CB254151B100E7FA9E /* FSInteractiveMapSwift */ = {
			isa = PBXGroup;
			children = (
				379C4D8D25416BDF00BAEEFF /* ExampleHelpers */,
				379C4D8A254164CC00BAEEFF /* usa-low.svg */,
				371C23CC254151B100E7FA9E /* AppDelegate.swift */,
				371C23CE254151B100E7FA9E /* SceneDelegate.swift */,
				371C23D0254151B100E7FA9E /* ViewController.swift */,
				371C23D2254151B100E7FA9E /* Main.storyboard */,
				371C23D5254151B200E7FA9E /* Assets.xcassets */,
				371C23D7254151B200E7FA9E /* LaunchScreen.storyboard */,
				371C23DA254151B200E7FA9E /* Info.plist */,
			);
			path = FSInteractiveMapSwift;
			sourceTree = "<group>";
		};
		371C23E1254151C500E7FA9E /* Frameworks */ = {
			isa = PBXGroup;
			children = (
			);
			name = Frameworks;
			sourceTree = "<group>";
		};
		379C4D8D25416BDF00BAEEFF /* ExampleHelpers */ = {
			isa = PBXGroup;
			children = (
				379C4D8E25416BDF00BAEEFF /* FSInteractiveMapUtil.swift */,
				379C4D8F25416BDF00BAEEFF /* TranslationDict-USStates.swift */,
				379C4D9025416BDF00BAEEFF /* FSInteractiveMapData.swift */,
			);
			path = ExampleHelpers;
			sourceTree = "<group>";
		};
/* End PBXGroup section */

/* Begin PBXNativeTarget section */
		371C23C8254151B100E7FA9E /* FSInteractiveMapSwift */ = {
			isa = PBXNativeTarget;
			buildConfigurationList = 371C23DD254151B200E7FA9E /* Build configuration list for PBXNativeTarget "FSInteractiveMapSwift" */;
			buildPhases = (
				371C23C5254151B100E7FA9E /* Sources */,
				371C23C6254151B100E7FA9E /* Frameworks */,
				371C23C7254151B100E7FA9E /* Resources */,
			);
			buildRules = (
			);
			dependencies = (
			);
			name = FSInteractiveMapSwift;
			packageProductDependencies = (
				371C23E2254151C500E7FA9E /* FSInteractiveMap */,
			);
			productName = FSInteractiveMapSwift;
			productReference = 371C23C9254151B100E7FA9E /* FSInteractiveMapSwift.app */;
			productType = "com.apple.product-type.application";
		};
/* End PBXNativeTarget section */

/* Begin PBXProject section */
		371C23C1254151B100E7FA9E /* Project object */ = {
			isa = PBXProject;
			attributes = {
				LastSwiftUpdateCheck = 1200;
				LastUpgradeCheck = 1200;
				TargetAttributes = {
					371C23C8254151B100E7FA9E = {
						CreatedOnToolsVersion = 12.0;
					};
				};
			};
			buildConfigurationList = 371C23C4254151B100E7FA9E /* Build configuration list for PBXProject "FSInteractiveMapSwift" */;
			compatibilityVersion = "Xcode 9.3";
			developmentRegion = en;
			hasScannedForEncodings = 0;
			knownRegions = (
				en,
				Base,
			);
			mainGroup = 371C23C0254151B100E7FA9E;
			productRefGroup = 371C23CA254151B100E7FA9E /* Products */;
			projectDirPath = "";
			projectRoot = "";
			targets = (
				371C23C8254151B100E7FA9E /* FSInteractiveMapSwift */,
			);
		};
/* End PBXProject section */

/* Begin PBXResourcesBuildPhase section */
		371C23C7254151B100E7FA9E /* Resources */ = {
			isa = PBXResourcesBuildPhase;
			buildActionMask = 2147483647;
			files = (
				371C23D9254151B200E7FA9E /* LaunchScreen.storyboard in Resources */,
				379C4D8B254164CC00BAEEFF /* usa-low.svg in Resources */,
				371C23D6254151B200E7FA9E /* Assets.xcassets in Resources */,
				371C23D4254151B100E7FA9E /* Main.storyboard in Resources */,
			);
			runOnlyForDeploymentPostprocessing = 0;
		};
/* End PBXResourcesBuildPhase section */

/* Begin PBXSourcesBuildPhase section */
		371C23C5254151B100E7FA9E /* Sources */ = {
			isa = PBXSourcesBuildPhase;
			buildActionMask = 2147483647;
			files = (
				379C4D9325416C6C00BAEEFF /* FSInteractiveMapUtil.swift in Sources */,
				379C4D9425416C6C00BAEEFF /* TranslationDict-USStates.swift in Sources */,
				379C4D9525416C6C00BAEEFF /* FSInteractiveMapData.swift in Sources */,
				371C23D1254151B100E7FA9E /* ViewController.swift in Sources */,
				371C23CD254151B100E7FA9E /* AppDelegate.swift in Sources */,
				371C23CF254151B100E7FA9E /* SceneDelegate.swift in Sources */,
			);
			runOnlyForDeploymentPostprocessing = 0;
		};
/* End PBXSourcesBuildPhase section */

/* Begin PBXVariantGroup section */
		371C23D2254151B100E7FA9E /* Main.storyboard */ = {
			isa = PBXVariantGroup;
			children = (
				371C23D3254151B100E7FA9E /* Base */,
			);
			name = Main.storyboard;
			sourceTree = "<group>";
		};
		371C23D7254151B200E7FA9E /* LaunchScreen.storyboard */ = {
			isa = PBXVariantGroup;
			children = (
				371C23D8254151B200E7FA9E /* Base */,
			);
			name = LaunchScreen.storyboard;
			sourceTree = "<group>";
		};
/* End PBXVariantGroup section */

/* Begin XCBuildConfiguration section */
		371C23DB254151B200E7FA9E /* Debug */ = {
			isa = XCBuildConfiguration;
			buildSettings = {
				ALWAYS_SEARCH_USER_PATHS = NO;
				CLANG_ANALYZER_NONNULL = YES;
				CLANG_ANALYZER_NUMBER_OBJECT_CONVERSION = YES_AGGRESSIVE;
				CLANG_CXX_LANGUAGE_STANDARD = "gnu++14";
				CLANG_CXX_LIBRARY = "libc++";
				CLANG_ENABLE_MODULES = YES;
				CLANG_ENABLE_OBJC_ARC = YES;
				CLANG_ENABLE_OBJC_WEAK = YES;
				CLANG_WARN_BLOCK_CAPTURE_AUTORELEASING = YES;
				CLANG_WARN_BOOL_CONVERSION = YES;
				CLANG_WARN_COMMA = YES;
				CLANG_WARN_CONSTANT_CONVERSION = YES;
				CLANG_WARN_DEPRECATED_OBJC_IMPLEMENTATIONS = YES;
				CLANG_WARN_DIRECT_OBJC_ISA_USAGE = YES_ERROR;
				CLANG_WARN_DOCUMENTATION_COMMENTS = YES;
				CLANG_WARN_EMPTY_BODY = YES;
				CLANG_WARN_ENUM_CONVERSION = YES;
				CLANG_WARN_INFINITE_RECURSION = YES;
				CLANG_WARN_INT_CONVERSION = YES;
				CLANG_WARN_NON_LITERAL_NULL_CONVERSION = YES;
				CLANG_WARN_OBJC_IMPLICIT_RETAIN_SELF = YES;
				CLANG_WARN_OBJC_LITERAL_CONVERSION = YES;
				CLANG_WARN_OBJC_ROOT_CLASS = YES_ERROR;
				CLANG_WARN_QUOTED_INCLUDE_IN_FRAMEWORK_HEADER = YES;
				CLANG_WARN_RANGE_LOOP_ANALYSIS = YES;
				CLANG_WARN_STRICT_PROTOTYPES = YES;
				CLANG_WARN_SUSPICIOUS_MOVE = YES;
				CLANG_WARN_UNGUARDED_AVAILABILITY = YES_AGGRESSIVE;
				CLANG_WARN_UNREACHABLE_CODE = YES;
				CLANG_WARN__DUPLICATE_METHOD_MATCH = YES;
				COPY_PHASE_STRIP = NO;
				DEBUG_INFORMATION_FORMAT = dwarf;
				ENABLE_STRICT_OBJC_MSGSEND = YES;
				ENABLE_TESTABILITY = YES;
				GCC_C_LANGUAGE_STANDARD = gnu11;
				GCC_DYNAMIC_NO_PIC = NO;
				GCC_NO_COMMON_BLOCKS = YES;
				GCC_OPTIMIZATION_LEVEL = 0;
				GCC_PREPROCESSOR_DEFINITIONS = (
					"DEBUG=1",
					"$(inherited)",
				);
				GCC_WARN_64_TO_32_BIT_CONVERSION = YES;
				GCC_WARN_ABOUT_RETURN_TYPE = YES_ERROR;
				GCC_WARN_UNDECLARED_SELECTOR = YES;
				GCC_WARN_UNINITIALIZED_AUTOS = YES_AGGRESSIVE;
				GCC_WARN_UNUSED_FUNCTION = YES;
				GCC_WARN_UNUSED_VARIABLE = YES;
				IPHONEOS_DEPLOYMENT_TARGET = 14.0;
				MTL_ENABLE_DEBUG_INFO = INCLUDE_SOURCE;
				MTL_FAST_MATH = YES;
				ONLY_ACTIVE_ARCH = YES;
				SDKROOT = iphoneos;
				SWIFT_ACTIVE_COMPILATION_CONDITIONS = DEBUG;
				SWIFT_OPTIMIZATION_LEVEL = "-Onone";
			};
			name = Debug;
		};
		371C23DC254151B200E7FA9E /* Release */ = {
			isa = XCBuildConfiguration;
			buildSettings = {
				ALWAYS_SEARCH_USER_PATHS = NO;
				CLANG_ANALYZER_NONNULL = YES;
				CLANG_ANALYZER_NUMBER_OBJECT_CONVERSION = YES_AGGRESSIVE;
				CLANG_CXX_LANGUAGE_STANDARD = "gnu++14";
				CLANG_CXX_LIBRARY = "libc++";
				CLANG_ENABLE_MODULES = YES;
				CLANG_ENABLE_OBJC_ARC = YES;
				CLANG_ENABLE_OBJC_WEAK = YES;
				CLANG_WARN_BLOCK_CAPTURE_AUTORELEASING = YES;
				CLANG_WARN_BOOL_CONVERSION = YES;
				CLANG_WARN_COMMA = YES;
				CLANG_WARN_CONSTANT_CONVERSION = YES;
				CLANG_WARN_DEPRECATED_OBJC_IMPLEMENTATIONS = YES;
				CLANG_WARN_DIRECT_OBJC_ISA_USAGE = YES_ERROR;
				CLANG_WARN_DOCUMENTATION_COMMENTS = YES;
				CLANG_WARN_EMPTY_BODY = YES;
				CLANG_WARN_ENUM_CONVERSION = YES;
				CLANG_WARN_INFINITE_RECURSION = YES;
				CLANG_WARN_INT_CONVERSION = YES;
				CLANG_WARN_NON_LITERAL_NULL_CONVERSION = YES;
				CLANG_WARN_OBJC_IMPLICIT_RETAIN_SELF = YES;
				CLANG_WARN_OBJC_LITERAL_CONVERSION = YES;
				CLANG_WARN_OBJC_ROOT_CLASS = YES_ERROR;
				CLANG_WARN_QUOTED_INCLUDE_IN_FRAMEWORK_HEADER = YES;
				CLANG_WARN_RANGE_LOOP_ANALYSIS = YES;
				CLANG_WARN_STRICT_PROTOTYPES = YES;
				CLANG_WARN_SUSPICIOUS_MOVE = YES;
				CLANG_WARN_UNGUARDED_AVAILABILITY = YES_AGGRESSIVE;
				CLANG_WARN_UNREACHABLE_CODE = YES;
				CLANG_WARN__DUPLICATE_METHOD_MATCH = YES;
				COPY_PHASE_STRIP = NO;
				DEBUG_INFORMATION_FORMAT = "dwarf-with-dsym";
				ENABLE_NS_ASSERTIONS = NO;
				ENABLE_STRICT_OBJC_MSGSEND = YES;
				GCC_C_LANGUAGE_STANDARD = gnu11;
				GCC_NO_COMMON_BLOCKS = YES;
				GCC_WARN_64_TO_32_BIT_CONVERSION = YES;
				GCC_WARN_ABOUT_RETURN_TYPE = YES_ERROR;
				GCC_WARN_UNDECLARED_SELECTOR = YES;
				GCC_WARN_UNINITIALIZED_AUTOS = YES_AGGRESSIVE;
				GCC_WARN_UNUSED_FUNCTION = YES;
				GCC_WARN_UNUSED_VARIABLE = YES;
				IPHONEOS_DEPLOYMENT_TARGET = 14.0;
				MTL_ENABLE_DEBUG_INFO = NO;
				MTL_FAST_MATH = YES;
				SDKROOT = iphoneos;
				SWIFT_COMPILATION_MODE = wholemodule;
				SWIFT_OPTIMIZATION_LEVEL = "-O";
				VALIDATE_PRODUCT = YES;
			};
			name = Release;
		};
		371C23DE254151B200E7FA9E /* Debug */ = {
			isa = XCBuildConfiguration;
			buildSettings = {
				ASSETCATALOG_COMPILER_APPICON_NAME = AppIcon;
				ASSETCATALOG_COMPILER_GLOBAL_ACCENT_COLOR_NAME = AccentColor;
				CODE_SIGN_STYLE = Automatic;
				DEVELOPMENT_TEAM = QYU2SZHRLR;
				INFOPLIST_FILE = FSInteractiveMapSwift/Info.plist;
				LD_RUNPATH_SEARCH_PATHS = (
					"$(inherited)",
					"@executable_path/Frameworks",
				);
				PRODUCT_BUNDLE_IDENTIFIER = com.gigabitelabs.FSInteractiveMapSwift;
				PRODUCT_NAME = "$(TARGET_NAME)";
				SWIFT_VERSION = 5.0;
				TARGETED_DEVICE_FAMILY = "1,2";
			};
			name = Debug;
		};
		371C23DF254151B200E7FA9E /* Release */ = {
			isa = XCBuildConfiguration;
			buildSettings = {
				ASSETCATALOG_COMPILER_APPICON_NAME = AppIcon;
				ASSETCATALOG_COMPILER_GLOBAL_ACCENT_COLOR_NAME = AccentColor;
				CODE_SIGN_STYLE = Automatic;
				DEVELOPMENT_TEAM = QYU2SZHRLR;
				INFOPLIST_FILE = FSInteractiveMapSwift/Info.plist;
				LD_RUNPATH_SEARCH_PATHS = (
					"$(inherited)",
					"@executable_path/Frameworks",
				);
				PRODUCT_BUNDLE_IDENTIFIER = com.gigabitelabs.FSInteractiveMapSwift;
				PRODUCT_NAME = "$(TARGET_NAME)";
				SWIFT_VERSION = 5.0;
				TARGETED_DEVICE_FAMILY = "1,2";
			};
			name = Release;
		};
/* End XCBuildConfiguration section */

/* Begin XCConfigurationList section */
		371C23C4254151B100E7FA9E /* Build configuration list for PBXProject "FSInteractiveMapSwift" */ = {
			isa = XCConfigurationList;
			buildConfigurations = (
				371C23DB254151B200E7FA9E /* Debug */,
				371C23DC254151B200E7FA9E /* Release */,
			);
			defaultConfigurationIsVisible = 0;
			defaultConfigurationName = Release;
		};
		371C23DD254151B200E7FA9E /* Build configuration list for PBXNativeTarget "FSInteractiveMapSwift" */ = {
			isa = XCConfigurationList;
			buildConfigurations = (
				371C23DE254151B200E7FA9E /* Debug */,
				371C23DF254151B200E7FA9E /* Release */,
			);
			defaultConfigurationIsVisible = 0;
			defaultConfigurationName = Release;
		};
/* End XCConfigurationList section */

/* Begin XCSwiftPackageProductDependency section */
		371C23E2254151C500E7FA9E /* FSInteractiveMap */ = {
			isa = XCSwiftPackageProductDependency;
			productName = FSInteractiveMap;
		};
/* End XCSwiftPackageProductDependency section */
	};
	rootObject = 371C23C1254151B100E7FA9E /* Project object */;
}
